// !$*UTF8*$!
{
	archiveVersion = 1;
	classes = {
	};
	objectVersion = 77;
	objects = {

/* Begin PBXBuildFile section */
		8E2029A42D6964A80037AF3F /* LoginResponseDTO.swift in Sources */ = {isa = PBXBuildFile; fileRef = 8E2029A32D6964A80037AF3F /* LoginResponseDTO.swift */; };
		8E2029A72D696AB40037AF3F /* LoginUseCase.swift in Sources */ = {isa = PBXBuildFile; fileRef = 8E2029A62D696AB40037AF3F /* LoginUseCase.swift */; };
		8E2029A92D696C170037AF3F /* TokenRepositoryProtocol.swift in Sources */ = {isa = PBXBuildFile; fileRef = 8E2029A82D696C170037AF3F /* TokenRepositoryProtocol.swift */; };
		8E2029AB2D696CA30037AF3F /* TokenType.swift in Sources */ = {isa = PBXBuildFile; fileRef = 8E2029AA2D696CA30037AF3F /* TokenType.swift */; };
		8E2029AD2D696CDE0037AF3F /* TokenRepository.swift in Sources */ = {isa = PBXBuildFile; fileRef = 8E2029AC2D696CDE0037AF3F /* TokenRepository.swift */; };
		8E4CD37E2D4BB31800E681F8 /* Launch Screen.storyboard in Resources */ = {isa = PBXBuildFile; fileRef = 8E4CD37D2D4BB31800E681F8 /* Launch Screen.storyboard */; };
		8E505DB82D77D780007CC7E8 /* Notification+Name.swift in Sources */ = {isa = PBXBuildFile; fileRef = 8E505DB72D77D780007CC7E8 /* Notification+Name.swift */; };
		8E5F28332D53319B00C05055 /* SignupFormViewModel.swift in Sources */ = {isa = PBXBuildFile; fileRef = 8E5F28322D53319B00C05055 /* SignupFormViewModel.swift */; };
		8E75B45B2D7A723A009D710E /* SimpleUserInfo.swift in Sources */ = {isa = PBXBuildFile; fileRef = 8E75B45A2D7A723A009D710E /* SimpleUserInfo.swift */; };
		8E75B45E2D7A7608009D710E /* TradeArticleTableViewModel.swift in Sources */ = {isa = PBXBuildFile; fileRef = 8E75B45D2D7A7608009D710E /* TradeArticleTableViewModel.swift */; };
		8E75B4622D7A8369009D710E /* MockURLProtocol.swift in Sources */ = {isa = PBXBuildFile; fileRef = 8E75B4612D7A8369009D710E /* MockURLProtocol.swift */; };
		8E75B4652D7A849D009D710E /* TradeArticleTests.swift in Sources */ = {isa = PBXBuildFile; fileRef = 8E75B4642D7A849D009D710E /* TradeArticleTests.swift */; };
		8E75B46A2D7A8515009D710E /* TradeArticleList.json in Resources */ = {isa = PBXBuildFile; fileRef = 8E75B4692D7A8515009D710E /* TradeArticleList.json */; };
		8E75B46C2D7A85F3009D710E /* MockTradeArticleListURLProtocol.swift in Sources */ = {isa = PBXBuildFile; fileRef = 8E75B46B2D7A85F3009D710E /* MockTradeArticleListURLProtocol.swift */; };
		8E75B46D2D7A8645009D710E /* TradeArticleList.json in Resources */ = {isa = PBXBuildFile; fileRef = 8E75B4692D7A8515009D710E /* TradeArticleList.json */; };
		8E77427C2D5EBB0C003FE8E0 /* GenderType.swift in Sources */ = {isa = PBXBuildFile; fileRef = 8E77427B2D5EBB0C003FE8E0 /* GenderType.swift */; };
		8E77427E2D5EBB1E003FE8E0 /* NationalityType.swift in Sources */ = {isa = PBXBuildFile; fileRef = 8E77427D2D5EBB1E003FE8E0 /* NationalityType.swift */; };
		8E7742802D5EBB32003FE8E0 /* CarrierType.swift in Sources */ = {isa = PBXBuildFile; fileRef = 8E77427F2D5EBB32003FE8E0 /* CarrierType.swift */; };
		8E7742822D5EBBE4003FE8E0 /* ViewModifier.swift in Sources */ = {isa = PBXBuildFile; fileRef = 8E7742812D5EBBE4003FE8E0 /* ViewModifier.swift */; };
		8E7742852D5ECAEA003FE8E0 /* Errors.swift in Sources */ = {isa = PBXBuildFile; fileRef = 8E7742842D5ECAEA003FE8E0 /* Errors.swift */; };
		8E82B28E2D5C1D36002A6BB2 /* SignupFormViewModel+InputFormat.swift in Sources */ = {isa = PBXBuildFile; fileRef = 8E82B28D2D5C1D36002A6BB2 /* SignupFormViewModel+InputFormat.swift */; };
		8E82B2912D5C221D002A6BB2 /* PostCodeSearchWebView.swift in Sources */ = {isa = PBXBuildFile; fileRef = 8E82B2902D5C221D002A6BB2 /* PostCodeSearchWebView.swift */; };
		8E9A40AB2D4BA43100824509 /* AppDelegate.swift in Sources */ = {isa = PBXBuildFile; fileRef = 8E9A40A32D4BA43100824509 /* AppDelegate.swift */; };
		8E9A40AC2D4BA43100824509 /* SceneDelegate.swift in Sources */ = {isa = PBXBuildFile; fileRef = 8E9A40A82D4BA43100824509 /* SceneDelegate.swift */; };
		8E9A40AE2D4BA43100824509 /* Assets.xcassets in Resources */ = {isa = PBXBuildFile; fileRef = 8E9A40A42D4BA43100824509 /* Assets.xcassets */; };
		8E9A40B82D4BA71700824509 /* LoginForm.swift in Sources */ = {isa = PBXBuildFile; fileRef = 8E9A40B72D4BA71700824509 /* LoginForm.swift */; };
		8E9A40BA2D4BA72500824509 /* LoginFormViewModel.swift in Sources */ = {isa = PBXBuildFile; fileRef = 8E9A40B92D4BA72500824509 /* LoginFormViewModel.swift */; };
		8E9A40BD2D4BAA4400824509 /* Factory+Instance.swift in Sources */ = {isa = PBXBuildFile; fileRef = 8E9A40BC2D4BAA4400824509 /* Factory+Instance.swift */; };
		8E9D8BED2D680CA100510B4F /* AlertType.swift in Sources */ = {isa = PBXBuildFile; fileRef = 8E9D8BEC2D680CA100510B4F /* AlertType.swift */; };
		8EA9563A2D76719C000F894E /* TradeArticleRepositoryProtocol.swift in Sources */ = {isa = PBXBuildFile; fileRef = 8EA956392D76719C000F894E /* TradeArticleRepositoryProtocol.swift */; };
		8EA9563C2D7671FB000F894E /* TradeArticleRepository.swift in Sources */ = {isa = PBXBuildFile; fileRef = 8EA9563B2D7671FB000F894E /* TradeArticleRepository.swift */; };
		8EA9563E2D7673C4000F894E /* TradeArticlesResponseDTO.swift in Sources */ = {isa = PBXBuildFile; fileRef = 8EA9563D2D7673C4000F894E /* TradeArticlesResponseDTO.swift */; };
		8EA956402D7683E1000F894E /* TokenInterceptor.swift in Sources */ = {isa = PBXBuildFile; fileRef = 8EA9563F2D7683E1000F894E /* TokenInterceptor.swift */; };
		8EA956422D769DA1000F894E /* TokenReissueResponseDTO.swift in Sources */ = {isa = PBXBuildFile; fileRef = 8EA956412D769DA1000F894E /* TokenReissueResponseDTO.swift */; };
		8EABE0762D7E7DDA00D86521 /* TradeArticleTableViewModelTest.swift in Sources */ = {isa = PBXBuildFile; fileRef = 8EABE0752D7E7DDA00D86521 /* TradeArticleTableViewModelTest.swift */; };
		8EADF3012D5D65C8009EAC2B /* RegexValidatable.swift in Sources */ = {isa = PBXBuildFile; fileRef = 8EADF3002D5D65C8009EAC2B /* RegexValidatable.swift */; };
		8EADF3032D5D72CB009EAC2B /* SignupFormViewModel+Regex.swift in Sources */ = {isa = PBXBuildFile; fileRef = 8EADF3022D5D72CB009EAC2B /* SignupFormViewModel+Regex.swift */; };
		8EADF3052D5D785E009EAC2B /* InputState.swift in Sources */ = {isa = PBXBuildFile; fileRef = 8EADF3042D5D785E009EAC2B /* InputState.swift */; };
		8EC0102F2D6E8E190059360D /* SpinningIndicator.swift in Sources */ = {isa = PBXBuildFile; fileRef = 8EC0102E2D6E8E190059360D /* SpinningIndicator.swift */; };
		8EC010452D6E965B0059360D /* TabBarViewController.swift in Sources */ = {isa = PBXBuildFile; fileRef = 8EC010442D6E965B0059360D /* TabBarViewController.swift */; };
		8EC010492D6E99560059360D /* TradeArticleTableViewController.swift in Sources */ = {isa = PBXBuildFile; fileRef = 8EC010482D6E99560059360D /* TradeArticleTableViewController.swift */; };
		8EC0104B2D6E9FE10059360D /* UIViewController+Preview.swift in Sources */ = {isa = PBXBuildFile; fileRef = 8EC0104A2D6E9FE10059360D /* UIViewController+Preview.swift */; };
		8EC0104D2D6EA1650059360D /* TradeArticleTableViewController+Layout.swift in Sources */ = {isa = PBXBuildFile; fileRef = 8EC0104C2D6EA1650059360D /* TradeArticleTableViewController+Layout.swift */; };
		8EC0104F2D6EA93A0059360D /* TabBarView.swift in Sources */ = {isa = PBXBuildFile; fileRef = 8EC0104E2D6EA93A0059360D /* TabBarView.swift */; };
		8EC010512D6EAE510059360D /* TradeArticle.swift in Sources */ = {isa = PBXBuildFile; fileRef = 8EC010502D6EAE510059360D /* TradeArticle.swift */; };
		8EC010532D6EAE970059360D /* ItemCategory.swift in Sources */ = {isa = PBXBuildFile; fileRef = 8EC010522D6EAE970059360D /* ItemCategory.swift */; };
		8EC010552D6EB00A0059360D /* ImageData.swift in Sources */ = {isa = PBXBuildFile; fileRef = 8EC010542D6EB00A0059360D /* ImageData.swift */; };
		8EC010572D6EB0430059360D /* ItemStatus.swift in Sources */ = {isa = PBXBuildFile; fileRef = 8EC010562D6EB0430059360D /* ItemStatus.swift */; };
		8EC547992D66A25700191E3B /* RemoteDataSource.swift in Sources */ = {isa = PBXBuildFile; fileRef = 8EC547982D66A25700191E3B /* RemoteDataSource.swift */; };
		8EC5479C2D66A7D700191E3B /* AuthRepositoryProtocol.swift in Sources */ = {isa = PBXBuildFile; fileRef = 8EC5479B2D66A7D700191E3B /* AuthRepositoryProtocol.swift */; };
		8EC5479F2D66A83400191E3B /* AuthRepository.swift in Sources */ = {isa = PBXBuildFile; fileRef = 8EC5479E2D66A83400191E3B /* AuthRepository.swift */; };
		8EC547A42D66AA3400191E3B /* SignupResponseDTO.swift in Sources */ = {isa = PBXBuildFile; fileRef = 8EC547A32D66AA3400191E3B /* SignupResponseDTO.swift */; };
		8EC547A62D66AA6900191E3B /* RequestResult.swift in Sources */ = {isa = PBXBuildFile; fileRef = 8EC547A52D66AA6900191E3B /* RequestResult.swift */; };
		8EC547A82D66AAC600191E3B /* Bundle+EndPoints.swift in Sources */ = {isa = PBXBuildFile; fileRef = 8EC547A72D66AAC600191E3B /* Bundle+EndPoints.swift */; };
		8EC547AA2D66AB0100191E3B /* ServiceInfo.plist in Resources */ = {isa = PBXBuildFile; fileRef = 8EC547A92D66AB0100191E3B /* ServiceInfo.plist */; };
		8ECD91452D58C51800D6F315 /* SignupForm.swift in Sources */ = {isa = PBXBuildFile; fileRef = 8ECD91442D58C51800D6F315 /* SignupForm.swift */; };
		8ECD91482D58CA0900D6F315 /* View+Fork.swift in Sources */ = {isa = PBXBuildFile; fileRef = 8ECD91472D58CA0900D6F315 /* View+Fork.swift */; };
		8EECA97B2D4B938F00E48757 /* Alamofire in Frameworks */ = {isa = PBXBuildFile; productRef = 8EECA97A2D4B938F00E48757 /* Alamofire */; };
		8EECA97E2D4B93E300E48757 /* SnapKit in Frameworks */ = {isa = PBXBuildFile; productRef = 8EECA97D2D4B93E300E48757 /* SnapKit */; };
		8EECA9812D4B94A700E48757 /* RxCocoa in Frameworks */ = {isa = PBXBuildFile; productRef = 8EECA9802D4B94A700E48757 /* RxCocoa */; };
		8EECA9832D4B94A700E48757 /* RxRelay in Frameworks */ = {isa = PBXBuildFile; productRef = 8EECA9822D4B94A700E48757 /* RxRelay */; };
		8EECA9862D4B954800E48757 /* Kingfisher in Frameworks */ = {isa = PBXBuildFile; productRef = 8EECA9852D4B954800E48757 /* Kingfisher */; };
		8EECA9892D4B968A00E48757 /* Factory in Frameworks */ = {isa = PBXBuildFile; productRef = 8EECA9882D4B968A00E48757 /* Factory */; };
/* End PBXBuildFile section */

/* Begin PBXContainerItemProxy section */
		8EECA9462D4B761100E48757 /* PBXContainerItemProxy */ = {
			isa = PBXContainerItemProxy;
			containerPortal = 8EECA9272D4B760F00E48757 /* Project object */;
			proxyType = 1;
			remoteGlobalIDString = 8EECA92E2D4B760F00E48757;
			remoteInfo = Baobab;
		};
		8EECA9502D4B761100E48757 /* PBXContainerItemProxy */ = {
			isa = PBXContainerItemProxy;
			containerPortal = 8EECA9272D4B760F00E48757 /* Project object */;
			proxyType = 1;
			remoteGlobalIDString = 8EECA92E2D4B760F00E48757;
			remoteInfo = Baobab;
		};
/* End PBXContainerItemProxy section */

/* Begin PBXFileReference section */
		8E2029A32D6964A80037AF3F /* LoginResponseDTO.swift */ = {isa = PBXFileReference; lastKnownFileType = sourcecode.swift; path = LoginResponseDTO.swift; sourceTree = "<group>"; };
		8E2029A62D696AB40037AF3F /* LoginUseCase.swift */ = {isa = PBXFileReference; lastKnownFileType = sourcecode.swift; path = LoginUseCase.swift; sourceTree = "<group>"; };
		8E2029A82D696C170037AF3F /* TokenRepositoryProtocol.swift */ = {isa = PBXFileReference; lastKnownFileType = sourcecode.swift; path = TokenRepositoryProtocol.swift; sourceTree = "<group>"; };
		8E2029AA2D696CA30037AF3F /* TokenType.swift */ = {isa = PBXFileReference; lastKnownFileType = sourcecode.swift; path = TokenType.swift; sourceTree = "<group>"; };
		8E2029AC2D696CDE0037AF3F /* TokenRepository.swift */ = {isa = PBXFileReference; lastKnownFileType = sourcecode.swift; path = TokenRepository.swift; sourceTree = "<group>"; };
		8E4CD37D2D4BB31800E681F8 /* Launch Screen.storyboard */ = {isa = PBXFileReference; lastKnownFileType = file.storyboard; path = "Launch Screen.storyboard"; sourceTree = "<group>"; };
		8E505DB72D77D780007CC7E8 /* Notification+Name.swift */ = {isa = PBXFileReference; lastKnownFileType = sourcecode.swift; path = "Notification+Name.swift"; sourceTree = "<group>"; };
		8E5F28322D53319B00C05055 /* SignupFormViewModel.swift */ = {isa = PBXFileReference; lastKnownFileType = sourcecode.swift; path = SignupFormViewModel.swift; sourceTree = "<group>"; };
		8E75B45A2D7A723A009D710E /* SimpleUserInfo.swift */ = {isa = PBXFileReference; lastKnownFileType = sourcecode.swift; path = SimpleUserInfo.swift; sourceTree = "<group>"; };
		8E75B45D2D7A7608009D710E /* TradeArticleTableViewModel.swift */ = {isa = PBXFileReference; lastKnownFileType = sourcecode.swift; path = TradeArticleTableViewModel.swift; sourceTree = "<group>"; };
		8E75B4612D7A8369009D710E /* MockURLProtocol.swift */ = {isa = PBXFileReference; lastKnownFileType = sourcecode.swift; path = MockURLProtocol.swift; sourceTree = "<group>"; };
		8E75B4642D7A849D009D710E /* TradeArticleTests.swift */ = {isa = PBXFileReference; lastKnownFileType = sourcecode.swift; path = TradeArticleTests.swift; sourceTree = "<group>"; };
		8E75B4692D7A8515009D710E /* TradeArticleList.json */ = {isa = PBXFileReference; lastKnownFileType = text.json; path = TradeArticleList.json; sourceTree = "<group>"; };
		8E75B46B2D7A85F3009D710E /* MockTradeArticleListURLProtocol.swift */ = {isa = PBXFileReference; lastKnownFileType = sourcecode.swift; path = MockTradeArticleListURLProtocol.swift; sourceTree = "<group>"; };
		8E77427B2D5EBB0C003FE8E0 /* GenderType.swift */ = {isa = PBXFileReference; lastKnownFileType = sourcecode.swift; path = GenderType.swift; sourceTree = "<group>"; };
		8E77427D2D5EBB1E003FE8E0 /* NationalityType.swift */ = {isa = PBXFileReference; lastKnownFileType = sourcecode.swift; path = NationalityType.swift; sourceTree = "<group>"; };
		8E77427F2D5EBB32003FE8E0 /* CarrierType.swift */ = {isa = PBXFileReference; lastKnownFileType = sourcecode.swift; path = CarrierType.swift; sourceTree = "<group>"; };
		8E7742812D5EBBE4003FE8E0 /* ViewModifier.swift */ = {isa = PBXFileReference; lastKnownFileType = sourcecode.swift; path = ViewModifier.swift; sourceTree = "<group>"; };
		8E7742842D5ECAEA003FE8E0 /* Errors.swift */ = {isa = PBXFileReference; lastKnownFileType = sourcecode.swift; path = Errors.swift; sourceTree = "<group>"; };
		8E82B28D2D5C1D36002A6BB2 /* SignupFormViewModel+InputFormat.swift */ = {isa = PBXFileReference; lastKnownFileType = sourcecode.swift; path = "SignupFormViewModel+InputFormat.swift"; sourceTree = "<group>"; };
		8E82B2902D5C221D002A6BB2 /* PostCodeSearchWebView.swift */ = {isa = PBXFileReference; lastKnownFileType = sourcecode.swift; path = PostCodeSearchWebView.swift; sourceTree = "<group>"; };
		8E9A40A32D4BA43100824509 /* AppDelegate.swift */ = {isa = PBXFileReference; lastKnownFileType = sourcecode.swift; path = AppDelegate.swift; sourceTree = "<group>"; };
		8E9A40A42D4BA43100824509 /* Assets.xcassets */ = {isa = PBXFileReference; lastKnownFileType = folder.assetcatalog; path = Assets.xcassets; sourceTree = "<group>"; };
		8E9A40A52D4BA43100824509 /* Info.plist */ = {isa = PBXFileReference; lastKnownFileType = text.plist.xml; path = Info.plist; sourceTree = "<group>"; };
		8E9A40A82D4BA43100824509 /* SceneDelegate.swift */ = {isa = PBXFileReference; lastKnownFileType = sourcecode.swift; path = SceneDelegate.swift; sourceTree = "<group>"; };
		8E9A40B72D4BA71700824509 /* LoginForm.swift */ = {isa = PBXFileReference; lastKnownFileType = sourcecode.swift; path = LoginForm.swift; sourceTree = "<group>"; };
		8E9A40B92D4BA72500824509 /* LoginFormViewModel.swift */ = {isa = PBXFileReference; lastKnownFileType = sourcecode.swift; path = LoginFormViewModel.swift; sourceTree = "<group>"; };
		8E9A40BC2D4BAA4400824509 /* Factory+Instance.swift */ = {isa = PBXFileReference; lastKnownFileType = sourcecode.swift; path = "Factory+Instance.swift"; sourceTree = "<group>"; };
		8E9D8BEC2D680CA100510B4F /* AlertType.swift */ = {isa = PBXFileReference; lastKnownFileType = sourcecode.swift; path = AlertType.swift; sourceTree = "<group>"; };
		8EA956392D76719C000F894E /* TradeArticleRepositoryProtocol.swift */ = {isa = PBXFileReference; lastKnownFileType = sourcecode.swift; path = TradeArticleRepositoryProtocol.swift; sourceTree = "<group>"; };
		8EA9563B2D7671FB000F894E /* TradeArticleRepository.swift */ = {isa = PBXFileReference; lastKnownFileType = sourcecode.swift; path = TradeArticleRepository.swift; sourceTree = "<group>"; };
		8EA9563D2D7673C4000F894E /* TradeArticlesResponseDTO.swift */ = {isa = PBXFileReference; lastKnownFileType = sourcecode.swift; path = TradeArticlesResponseDTO.swift; sourceTree = "<group>"; };
		8EA9563F2D7683E1000F894E /* TokenInterceptor.swift */ = {isa = PBXFileReference; lastKnownFileType = sourcecode.swift; path = TokenInterceptor.swift; sourceTree = "<group>"; };
		8EA956412D769DA1000F894E /* TokenReissueResponseDTO.swift */ = {isa = PBXFileReference; lastKnownFileType = sourcecode.swift; path = TokenReissueResponseDTO.swift; sourceTree = "<group>"; };
		8EABE0752D7E7DDA00D86521 /* TradeArticleTableViewModelTest.swift */ = {isa = PBXFileReference; lastKnownFileType = sourcecode.swift; path = TradeArticleTableViewModelTest.swift; sourceTree = "<group>"; };
		8EADF3002D5D65C8009EAC2B /* RegexValidatable.swift */ = {isa = PBXFileReference; lastKnownFileType = sourcecode.swift; path = RegexValidatable.swift; sourceTree = "<group>"; };
		8EADF3022D5D72CB009EAC2B /* SignupFormViewModel+Regex.swift */ = {isa = PBXFileReference; lastKnownFileType = sourcecode.swift; path = "SignupFormViewModel+Regex.swift"; sourceTree = "<group>"; };
		8EADF3042D5D785E009EAC2B /* InputState.swift */ = {isa = PBXFileReference; lastKnownFileType = sourcecode.swift; path = InputState.swift; sourceTree = "<group>"; };
		8EC0102E2D6E8E190059360D /* SpinningIndicator.swift */ = {isa = PBXFileReference; lastKnownFileType = sourcecode.swift; path = SpinningIndicator.swift; sourceTree = "<group>"; };
		8EC010442D6E965B0059360D /* TabBarViewController.swift */ = {isa = PBXFileReference; lastKnownFileType = sourcecode.swift; path = TabBarViewController.swift; sourceTree = "<group>"; };
		8EC010482D6E99560059360D /* TradeArticleTableViewController.swift */ = {isa = PBXFileReference; lastKnownFileType = sourcecode.swift; path = TradeArticleTableViewController.swift; sourceTree = "<group>"; };
		8EC0104A2D6E9FE10059360D /* UIViewController+Preview.swift */ = {isa = PBXFileReference; lastKnownFileType = sourcecode.swift; path = "UIViewController+Preview.swift"; sourceTree = "<group>"; };
		8EC0104C2D6EA1650059360D /* TradeArticleTableViewController+Layout.swift */ = {isa = PBXFileReference; lastKnownFileType = sourcecode.swift; path = "TradeArticleTableViewController+Layout.swift"; sourceTree = "<group>"; };
		8EC0104E2D6EA93A0059360D /* TabBarView.swift */ = {isa = PBXFileReference; lastKnownFileType = sourcecode.swift; path = TabBarView.swift; sourceTree = "<group>"; };
		8EC010502D6EAE510059360D /* TradeArticle.swift */ = {isa = PBXFileReference; lastKnownFileType = sourcecode.swift; path = TradeArticle.swift; sourceTree = "<group>"; };
		8EC010522D6EAE970059360D /* ItemCategory.swift */ = {isa = PBXFileReference; lastKnownFileType = sourcecode.swift; path = ItemCategory.swift; sourceTree = "<group>"; };
		8EC010542D6EB00A0059360D /* ImageData.swift */ = {isa = PBXFileReference; lastKnownFileType = sourcecode.swift; path = ImageData.swift; sourceTree = "<group>"; };
		8EC010562D6EB0430059360D /* ItemStatus.swift */ = {isa = PBXFileReference; lastKnownFileType = sourcecode.swift; path = ItemStatus.swift; sourceTree = "<group>"; };
		8EC547982D66A25700191E3B /* RemoteDataSource.swift */ = {isa = PBXFileReference; lastKnownFileType = sourcecode.swift; path = RemoteDataSource.swift; sourceTree = "<group>"; };
		8EC5479B2D66A7D700191E3B /* AuthRepositoryProtocol.swift */ = {isa = PBXFileReference; lastKnownFileType = sourcecode.swift; path = AuthRepositoryProtocol.swift; sourceTree = "<group>"; };
		8EC5479E2D66A83400191E3B /* AuthRepository.swift */ = {isa = PBXFileReference; lastKnownFileType = sourcecode.swift; path = AuthRepository.swift; sourceTree = "<group>"; };
		8EC547A32D66AA3400191E3B /* SignupResponseDTO.swift */ = {isa = PBXFileReference; lastKnownFileType = sourcecode.swift; path = SignupResponseDTO.swift; sourceTree = "<group>"; };
		8EC547A52D66AA6900191E3B /* RequestResult.swift */ = {isa = PBXFileReference; lastKnownFileType = sourcecode.swift; path = RequestResult.swift; sourceTree = "<group>"; };
		8EC547A72D66AAC600191E3B /* Bundle+EndPoints.swift */ = {isa = PBXFileReference; lastKnownFileType = sourcecode.swift; path = "Bundle+EndPoints.swift"; sourceTree = "<group>"; };
		8EC547A92D66AB0100191E3B /* ServiceInfo.plist */ = {isa = PBXFileReference; lastKnownFileType = text.plist.xml; path = ServiceInfo.plist; sourceTree = "<group>"; };
		8ECD91442D58C51800D6F315 /* SignupForm.swift */ = {isa = PBXFileReference; lastKnownFileType = sourcecode.swift; path = SignupForm.swift; sourceTree = "<group>"; };
		8ECD91472D58CA0900D6F315 /* View+Fork.swift */ = {isa = PBXFileReference; lastKnownFileType = sourcecode.swift; path = "View+Fork.swift"; sourceTree = "<group>"; };
		8EECA92F2D4B760F00E48757 /* Baobab.app */ = {isa = PBXFileReference; explicitFileType = wrapper.application; includeInIndex = 0; path = Baobab.app; sourceTree = BUILT_PRODUCTS_DIR; };
		8EECA9452D4B761100E48757 /* BaobabTests.xctest */ = {isa = PBXFileReference; explicitFileType = wrapper.cfbundle; includeInIndex = 0; path = BaobabTests.xctest; sourceTree = BUILT_PRODUCTS_DIR; };
		8EECA94F2D4B761100E48757 /* BaobabUITests.xctest */ = {isa = PBXFileReference; explicitFileType = wrapper.cfbundle; includeInIndex = 0; path = BaobabUITests.xctest; sourceTree = BUILT_PRODUCTS_DIR; };
/* End PBXFileReference section */

/* Begin PBXFileSystemSynchronizedRootGroup section */
		8EECA9522D4B761100E48757 /* BaobabUITests */ = {
			isa = PBXFileSystemSynchronizedRootGroup;
			path = BaobabUITests;
			sourceTree = "<group>";
		};
/* End PBXFileSystemSynchronizedRootGroup section */

/* Begin PBXFrameworksBuildPhase section */
		8EECA92C2D4B760F00E48757 /* Frameworks */ = {
			isa = PBXFrameworksBuildPhase;
			buildActionMask = 2147483647;
			files = (
				8EECA9812D4B94A700E48757 /* RxCocoa in Frameworks */,
				8EECA97B2D4B938F00E48757 /* Alamofire in Frameworks */,
				8EECA9832D4B94A700E48757 /* RxRelay in Frameworks */,
				8EECA9892D4B968A00E48757 /* Factory in Frameworks */,
				8EECA97E2D4B93E300E48757 /* SnapKit in Frameworks */,
				8EECA9862D4B954800E48757 /* Kingfisher in Frameworks */,
			);
			runOnlyForDeploymentPostprocessing = 0;
		};
		8EECA9422D4B761100E48757 /* Frameworks */ = {
			isa = PBXFrameworksBuildPhase;
			buildActionMask = 2147483647;
			files = (
			);
			runOnlyForDeploymentPostprocessing = 0;
		};
		8EECA94C2D4B761100E48757 /* Frameworks */ = {
			isa = PBXFrameworksBuildPhase;
			buildActionMask = 2147483647;
			files = (
			);
			runOnlyForDeploymentPostprocessing = 0;
		};
/* End PBXFrameworksBuildPhase section */

/* Begin PBXGroup section */
		8E2029A52D696A960037AF3F /* UseCases */ = {
			isa = PBXGroup;
			children = (
				8E2029A62D696AB40037AF3F /* LoginUseCase.swift */,
			);
			path = UseCases;
			sourceTree = "<group>";
		};
		8E505DB62D77C9F0007CC7E8 /* Utils */ = {
			isa = PBXGroup;
			children = (
				8EA9563F2D7683E1000F894E /* TokenInterceptor.swift */,
			);
			path = Utils;
			sourceTree = "<group>";
		};
		8E5F282F2D53297200C05055 /* Signup */ = {
			isa = PBXGroup;
			children = (
				8E5F28312D532B0C00C05055 /* ViewModel */,
				8E5F28302D532B0700C05055 /* View */,
			);
			path = Signup;
			sourceTree = "<group>";
		};
		8E5F28302D532B0700C05055 /* View */ = {
			isa = PBXGroup;
			children = (
				8ECD91442D58C51800D6F315 /* SignupForm.swift */,
			);
			path = View;
			sourceTree = "<group>";
		};
		8E5F28312D532B0C00C05055 /* ViewModel */ = {
			isa = PBXGroup;
			children = (
				8E5F28322D53319B00C05055 /* SignupFormViewModel.swift */,
				8E82B28D2D5C1D36002A6BB2 /* SignupFormViewModel+InputFormat.swift */,
				8EADF3022D5D72CB009EAC2B /* SignupFormViewModel+Regex.swift */,
			);
			path = ViewModel;
			sourceTree = "<group>";
		};
		8E75B45C2D7A75BD009D710E /* ViewModel */ = {
			isa = PBXGroup;
			children = (
				8E75B45D2D7A7608009D710E /* TradeArticleTableViewModel.swift */,
			);
			path = ViewModel;
			sourceTree = "<group>";
		};
		8E75B45F2D7A8336009D710E /* BaobabTests */ = {
			isa = PBXGroup;
			children = (
				8E75B4662D7A84DA009D710E /* JSON */,
				8E75B4632D7A8462009D710E /* TradeArticleTests */,
				8E75B4602D7A8343009D710E /* Utils */,
			);
			path = BaobabTests;
			sourceTree = "<group>";
		};
		8E75B4602D7A8343009D710E /* Utils */ = {
			isa = PBXGroup;
			children = (
				8E75B4612D7A8369009D710E /* MockURLProtocol.swift */,
			);
			path = Utils;
			sourceTree = "<group>";
		};
		8E75B4632D7A8462009D710E /* TradeArticleTests */ = {
			isa = PBXGroup;
			children = (
				8E75B4642D7A849D009D710E /* TradeArticleTests.swift */,
				8EABE0752D7E7DDA00D86521 /* TradeArticleTableViewModelTest.swift */,
				8E75B46B2D7A85F3009D710E /* MockTradeArticleListURLProtocol.swift */,
			);
			path = TradeArticleTests;
			sourceTree = "<group>";
		};
		8E75B4662D7A84DA009D710E /* JSON */ = {
			isa = PBXGroup;
			children = (
				8E75B4692D7A8515009D710E /* TradeArticleList.json */,
			);
			path = JSON;
			sourceTree = "<group>";
		};
		8E7742772D5EB4AC003FE8E0 /* Domain */ = {
			isa = PBXGroup;
			children = (
				8E2029A52D696A960037AF3F /* UseCases */,
				8EC5479A2D66A7B800191E3B /* Repository Protocols */,
				8E7742782D5EB4B7003FE8E0 /* Models */,
			);
			path = Domain;
			sourceTree = "<group>";
		};
		8E7742782D5EB4B7003FE8E0 /* Models */ = {
			isa = PBXGroup;
			children = (
				8E77427B2D5EBB0C003FE8E0 /* GenderType.swift */,
				8E77427D2D5EBB1E003FE8E0 /* NationalityType.swift */,
				8E77427F2D5EBB32003FE8E0 /* CarrierType.swift */,
				8EC010502D6EAE510059360D /* TradeArticle.swift */,
				8EC010522D6EAE970059360D /* ItemCategory.swift */,
				8EC010542D6EB00A0059360D /* ImageData.swift */,
				8EC010562D6EB0430059360D /* ItemStatus.swift */,
				8E75B45A2D7A723A009D710E /* SimpleUserInfo.swift */,
			);
			path = Models;
			sourceTree = "<group>";
		};
		8E82B28F2D5C2169002A6BB2 /* Commons */ = {
			isa = PBXGroup;
			children = (
				8EC0102D2D6E8E0A0059360D /* SpinningIndicator */,
				8EADF2FF2D5D658C009EAC2B /* Regex */,
				8E82B2942D5C2A75002A6BB2 /* Address */,
			);
			path = Commons;
			sourceTree = "<group>";
		};
		8E82B2942D5C2A75002A6BB2 /* Address */ = {
			isa = PBXGroup;
			children = (
				8E82B2902D5C221D002A6BB2 /* PostCodeSearchWebView.swift */,
			);
			path = Address;
			sourceTree = "<group>";
		};
		8E9A40AA2D4BA43100824509 /* Baobab */ = {
			isa = PBXGroup;
			children = (
				8EC547962D66A1A100191E3B /* Data */,
				8E7742772D5EB4AC003FE8E0 /* Domain */,
				8E9A40BB2D4BAA3300824509 /* Utils */,
				8E9A40B32D4BA4D100824509 /* Resources */,
				8E9A40B22D4BA44700824509 /* Application */,
				8E9A40B12D4BA43600824509 /* Presentation */,
			);
			path = Baobab;
			sourceTree = "<group>";
		};
		8E9A40B12D4BA43600824509 /* Presentation */ = {
			isa = PBXGroup;
			children = (
				8EC010462D6E99220059360D /* TradeArticleTableViewController */,
				8EC010422D6E961D0059360D /* TabBar */,
				8E82B28F2D5C2169002A6BB2 /* Commons */,
				8ECD91462D58C9F800D6F315 /* Utils */,
				8E5F282F2D53297200C05055 /* Signup */,
				8E9A40B42D4BA5EE00824509 /* Login */,
				8E4CD37D2D4BB31800E681F8 /* Launch Screen.storyboard */,
			);
			path = Presentation;
			sourceTree = "<group>";
		};
		8E9A40B22D4BA44700824509 /* Application */ = {
			isa = PBXGroup;
			children = (
				8E9A40A52D4BA43100824509 /* Info.plist */,
				8E9A40A82D4BA43100824509 /* SceneDelegate.swift */,
				8E9A40A32D4BA43100824509 /* AppDelegate.swift */,
				8EC547A92D66AB0100191E3B /* ServiceInfo.plist */,
			);
			path = Application;
			sourceTree = "<group>";
		};
		8E9A40B32D4BA4D100824509 /* Resources */ = {
			isa = PBXGroup;
			children = (
				8E9A40A42D4BA43100824509 /* Assets.xcassets */,
			);
			path = Resources;
			sourceTree = "<group>";
		};
		8E9A40B42D4BA5EE00824509 /* Login */ = {
			isa = PBXGroup;
			children = (
				8E9A40B62D4BA5FA00824509 /* ViewModel */,
				8E9A40B52D4BA5F500824509 /* View */,
			);
			path = Login;
			sourceTree = "<group>";
		};
		8E9A40B52D4BA5F500824509 /* View */ = {
			isa = PBXGroup;
			children = (
				8E9A40B72D4BA71700824509 /* LoginForm.swift */,
			);
			path = View;
			sourceTree = "<group>";
		};
		8E9A40B62D4BA5FA00824509 /* ViewModel */ = {
			isa = PBXGroup;
			children = (
				8E9A40B92D4BA72500824509 /* LoginFormViewModel.swift */,
			);
			path = ViewModel;
			sourceTree = "<group>";
		};
		8E9A40BB2D4BAA3300824509 /* Utils */ = {
			isa = PBXGroup;
			children = (
				8E9A40BC2D4BAA4400824509 /* Factory+Instance.swift */,
				8E7742842D5ECAEA003FE8E0 /* Errors.swift */,
				8EC547A72D66AAC600191E3B /* Bundle+EndPoints.swift */,
				8E2029AA2D696CA30037AF3F /* TokenType.swift */,
				8E505DB72D77D780007CC7E8 /* Notification+Name.swift */,
			);
			path = Utils;
			sourceTree = "<group>";
		};
		8EADF2FF2D5D658C009EAC2B /* Regex */ = {
			isa = PBXGroup;
			children = (
				8EADF3002D5D65C8009EAC2B /* RegexValidatable.swift */,
			);
			path = Regex;
			sourceTree = "<group>";
		};
		8EC0102D2D6E8E0A0059360D /* SpinningIndicator */ = {
			isa = PBXGroup;
			children = (
				8EC0102E2D6E8E190059360D /* SpinningIndicator.swift */,
			);
			path = SpinningIndicator;
			sourceTree = "<group>";
		};
		8EC010422D6E961D0059360D /* TabBar */ = {
			isa = PBXGroup;
			children = (
				8EC010432D6E962F0059360D /* View */,
			);
			path = TabBar;
			sourceTree = "<group>";
		};
		8EC010432D6E962F0059360D /* View */ = {
			isa = PBXGroup;
			children = (
				8EC010442D6E965B0059360D /* TabBarViewController.swift */,
				8EC0104E2D6EA93A0059360D /* TabBarView.swift */,
			);
			path = View;
			sourceTree = "<group>";
		};
		8EC010462D6E99220059360D /* TradeArticleTableViewController */ = {
			isa = PBXGroup;
			children = (
				8E75B45C2D7A75BD009D710E /* ViewModel */,
				8EC010472D6E99370059360D /* View */,
			);
			path = TradeArticleTableViewController;
			sourceTree = "<group>";
		};
		8EC010472D6E99370059360D /* View */ = {
			isa = PBXGroup;
			children = (
				8EC010482D6E99560059360D /* TradeArticleTableViewController.swift */,
				8EC0104C2D6EA1650059360D /* TradeArticleTableViewController+Layout.swift */,
			);
			path = View;
			sourceTree = "<group>";
		};
		8EC547962D66A1A100191E3B /* Data */ = {
			isa = PBXGroup;
			children = (
				8E505DB62D77C9F0007CC7E8 /* Utils */,
				8EC547A02D66A9D200191E3B /* DTO */,
				8EC5479D2D66A82300191E3B /* Repositories */,
				8EC547972D66A1BD00191E3B /* DataSources */,
			);
			path = Data;
			sourceTree = "<group>";
		};
		8EC547972D66A1BD00191E3B /* DataSources */ = {
			isa = PBXGroup;
			children = (
				8EC547982D66A25700191E3B /* RemoteDataSource.swift */,
			);
			path = DataSources;
			sourceTree = "<group>";
		};
		8EC5479A2D66A7B800191E3B /* Repository Protocols */ = {
			isa = PBXGroup;
			children = (
				8EC5479B2D66A7D700191E3B /* AuthRepositoryProtocol.swift */,
				8E2029A82D696C170037AF3F /* TokenRepositoryProtocol.swift */,
				8EA956392D76719C000F894E /* TradeArticleRepositoryProtocol.swift */,
			);
			path = "Repository Protocols";
			sourceTree = "<group>";
		};
		8EC5479D2D66A82300191E3B /* Repositories */ = {
			isa = PBXGroup;
			children = (
				8EC5479E2D66A83400191E3B /* AuthRepository.swift */,
				8E2029AC2D696CDE0037AF3F /* TokenRepository.swift */,
				8EA9563B2D7671FB000F894E /* TradeArticleRepository.swift */,
			);
			path = Repositories;
			sourceTree = "<group>";
		};
		8EC547A02D66A9D200191E3B /* DTO */ = {
			isa = PBXGroup;
			children = (
				8EC547A52D66AA6900191E3B /* RequestResult.swift */,
				8EC547A32D66AA3400191E3B /* SignupResponseDTO.swift */,
				8E2029A32D6964A80037AF3F /* LoginResponseDTO.swift */,
				8EA9563D2D7673C4000F894E /* TradeArticlesResponseDTO.swift */,
				8EA956412D769DA1000F894E /* TokenReissueResponseDTO.swift */,
			);
			path = DTO;
			sourceTree = "<group>";
		};
		8ECD91462D58C9F800D6F315 /* Utils */ = {
			isa = PBXGroup;
			children = (
				8ECD91472D58CA0900D6F315 /* View+Fork.swift */,
				8EADF3042D5D785E009EAC2B /* InputState.swift */,
				8E7742812D5EBBE4003FE8E0 /* ViewModifier.swift */,
				8E9D8BEC2D680CA100510B4F /* AlertType.swift */,
				8EC0104A2D6E9FE10059360D /* UIViewController+Preview.swift */,
			);
			path = Utils;
			sourceTree = "<group>";
		};
		8EECA9262D4B760F00E48757 = {
			isa = PBXGroup;
			children = (
				8E9A40AA2D4BA43100824509 /* Baobab */,
				8E75B45F2D7A8336009D710E /* BaobabTests */,
				8EECA9522D4B761100E48757 /* BaobabUITests */,
				8EECA9302D4B760F00E48757 /* Products */,
			);
			sourceTree = "<group>";
		};
		8EECA9302D4B760F00E48757 /* Products */ = {
			isa = PBXGroup;
			children = (
				8EECA92F2D4B760F00E48757 /* Baobab.app */,
				8EECA9452D4B761100E48757 /* BaobabTests.xctest */,
				8EECA94F2D4B761100E48757 /* BaobabUITests.xctest */,
			);
			name = Products;
			sourceTree = "<group>";
		};
/* End PBXGroup section */

/* Begin PBXNativeTarget section */
		8EECA92E2D4B760F00E48757 /* Baobab */ = {
			isa = PBXNativeTarget;
			buildConfigurationList = 8EECA9582D4B761100E48757 /* Build configuration list for PBXNativeTarget "Baobab" */;
			buildPhases = (
				8EECA92B2D4B760F00E48757 /* Sources */,
				8EECA92C2D4B760F00E48757 /* Frameworks */,
				8EECA92D2D4B760F00E48757 /* Resources */,
			);
			buildRules = (
			);
			dependencies = (
			);
			name = Baobab;
			packageProductDependencies = (
				8EECA97A2D4B938F00E48757 /* Alamofire */,
				8EECA97D2D4B93E300E48757 /* SnapKit */,
				8EECA9802D4B94A700E48757 /* RxCocoa */,
				8EECA9822D4B94A700E48757 /* RxRelay */,
				8EECA9852D4B954800E48757 /* Kingfisher */,
				8EECA9882D4B968A00E48757 /* Factory */,
			);
			productName = Baobab;
			productReference = 8EECA92F2D4B760F00E48757 /* Baobab.app */;
			productType = "com.apple.product-type.application";
		};
		8EECA9442D4B761100E48757 /* BaobabTests */ = {
			isa = PBXNativeTarget;
			buildConfigurationList = 8EECA95D2D4B761100E48757 /* Build configuration list for PBXNativeTarget "BaobabTests" */;
			buildPhases = (
				8EECA9412D4B761100E48757 /* Sources */,
				8EECA9422D4B761100E48757 /* Frameworks */,
				8EECA9432D4B761100E48757 /* Resources */,
			);
			buildRules = (
			);
			dependencies = (
				8EECA9472D4B761100E48757 /* PBXTargetDependency */,
			);
			name = BaobabTests;
			packageProductDependencies = (
			);
			productName = BaobabTests;
			productReference = 8EECA9452D4B761100E48757 /* BaobabTests.xctest */;
			productType = "com.apple.product-type.bundle.unit-test";
		};
		8EECA94E2D4B761100E48757 /* BaobabUITests */ = {
			isa = PBXNativeTarget;
			buildConfigurationList = 8EECA9602D4B761100E48757 /* Build configuration list for PBXNativeTarget "BaobabUITests" */;
			buildPhases = (
				8EECA94B2D4B761100E48757 /* Sources */,
				8EECA94C2D4B761100E48757 /* Frameworks */,
				8EECA94D2D4B761100E48757 /* Resources */,
			);
			buildRules = (
			);
			dependencies = (
				8EECA9512D4B761100E48757 /* PBXTargetDependency */,
			);
			fileSystemSynchronizedGroups = (
				8EECA9522D4B761100E48757 /* BaobabUITests */,
			);
			name = BaobabUITests;
			packageProductDependencies = (
			);
			productName = BaobabUITests;
			productReference = 8EECA94F2D4B761100E48757 /* BaobabUITests.xctest */;
			productType = "com.apple.product-type.bundle.ui-testing";
		};
/* End PBXNativeTarget section */

/* Begin PBXProject section */
		8EECA9272D4B760F00E48757 /* Project object */ = {
			isa = PBXProject;
			attributes = {
				BuildIndependentTargetsInParallel = 1;
				LastSwiftUpdateCheck = 1620;
				LastUpgradeCheck = 1620;
				TargetAttributes = {
					8EECA92E2D4B760F00E48757 = {
						CreatedOnToolsVersion = 16.2;
					};
					8EECA9442D4B761100E48757 = {
						CreatedOnToolsVersion = 16.2;
						LastSwiftMigration = 1620;
						TestTargetID = 8EECA92E2D4B760F00E48757;
					};
					8EECA94E2D4B761100E48757 = {
						CreatedOnToolsVersion = 16.2;
						TestTargetID = 8EECA92E2D4B760F00E48757;
					};
				};
			};
			buildConfigurationList = 8EECA92A2D4B760F00E48757 /* Build configuration list for PBXProject "Baobab" */;
			developmentRegion = en;
			hasScannedForEncodings = 0;
			knownRegions = (
				en,
				Base,
			);
			mainGroup = 8EECA9262D4B760F00E48757;
			minimizedProjectReferenceProxies = 1;
			packageReferences = (
				8EECA9792D4B938F00E48757 /* XCRemoteSwiftPackageReference "Alamofire" */,
				8EECA97C2D4B93E300E48757 /* XCRemoteSwiftPackageReference "SnapKit" */,
				8EECA97F2D4B94A700E48757 /* XCRemoteSwiftPackageReference "RxSwift" */,
				8EECA9842D4B954800E48757 /* XCRemoteSwiftPackageReference "Kingfisher" */,
				8EECA9872D4B968A00E48757 /* XCRemoteSwiftPackageReference "Factory" */,
			);
			preferredProjectObjectVersion = 77;
			productRefGroup = 8EECA9302D4B760F00E48757 /* Products */;
			projectDirPath = "";
			projectRoot = "";
			targets = (
				8EECA92E2D4B760F00E48757 /* Baobab */,
				8EECA9442D4B761100E48757 /* BaobabTests */,
				8EECA94E2D4B761100E48757 /* BaobabUITests */,
			);
		};
/* End PBXProject section */

/* Begin PBXResourcesBuildPhase section */
		8EECA92D2D4B760F00E48757 /* Resources */ = {
			isa = PBXResourcesBuildPhase;
			buildActionMask = 2147483647;
			files = (
				8EC547AA2D66AB0100191E3B /* ServiceInfo.plist in Resources */,
				8E75B46D2D7A8645009D710E /* TradeArticleList.json in Resources */,
				8E4CD37E2D4BB31800E681F8 /* Launch Screen.storyboard in Resources */,
				8E9A40AE2D4BA43100824509 /* Assets.xcassets in Resources */,
			);
			runOnlyForDeploymentPostprocessing = 0;
		};
		8EECA9432D4B761100E48757 /* Resources */ = {
			isa = PBXResourcesBuildPhase;
			buildActionMask = 2147483647;
			files = (
				8E75B46A2D7A8515009D710E /* TradeArticleList.json in Resources */,
			);
			runOnlyForDeploymentPostprocessing = 0;
		};
		8EECA94D2D4B761100E48757 /* Resources */ = {
			isa = PBXResourcesBuildPhase;
			buildActionMask = 2147483647;
			files = (
			);
			runOnlyForDeploymentPostprocessing = 0;
		};
/* End PBXResourcesBuildPhase section */

/* Begin PBXSourcesBuildPhase section */
		8EECA92B2D4B760F00E48757 /* Sources */ = {
			isa = PBXSourcesBuildPhase;
			buildActionMask = 2147483647;
			files = (
				8EC010452D6E965B0059360D /* TabBarViewController.swift in Sources */,
				8E5F28332D53319B00C05055 /* SignupFormViewModel.swift in Sources */,
				8EC010552D6EB00A0059360D /* ImageData.swift in Sources */,
				8EADF3032D5D72CB009EAC2B /* SignupFormViewModel+Regex.swift in Sources */,
				8EC547A82D66AAC600191E3B /* Bundle+EndPoints.swift in Sources */,
				8E2029A92D696C170037AF3F /* TokenRepositoryProtocol.swift in Sources */,
				8E75B45E2D7A7608009D710E /* TradeArticleTableViewModel.swift in Sources */,
				8E77427C2D5EBB0C003FE8E0 /* GenderType.swift in Sources */,
				8E7742822D5EBBE4003FE8E0 /* ViewModifier.swift in Sources */,
				8EADF3052D5D785E009EAC2B /* InputState.swift in Sources */,
				8E9D8BED2D680CA100510B4F /* AlertType.swift in Sources */,
				8E77427E2D5EBB1E003FE8E0 /* NationalityType.swift in Sources */,
				8EA956402D7683E1000F894E /* TokenInterceptor.swift in Sources */,
				8EC0104F2D6EA93A0059360D /* TabBarView.swift in Sources */,
				8E2029AD2D696CDE0037AF3F /* TokenRepository.swift in Sources */,
				8EA956422D769DA1000F894E /* TokenReissueResponseDTO.swift in Sources */,
				8EC010532D6EAE970059360D /* ItemCategory.swift in Sources */,
				8EC010572D6EB0430059360D /* ItemStatus.swift in Sources */,
				8EC547A62D66AA6900191E3B /* RequestResult.swift in Sources */,
				8EA9563A2D76719C000F894E /* TradeArticleRepositoryProtocol.swift in Sources */,
				8E9A40AB2D4BA43100824509 /* AppDelegate.swift in Sources */,
				8EC0102F2D6E8E190059360D /* SpinningIndicator.swift in Sources */,
				8ECD91482D58CA0900D6F315 /* View+Fork.swift in Sources */,
				8E82B28E2D5C1D36002A6BB2 /* SignupFormViewModel+InputFormat.swift in Sources */,
				8EC010512D6EAE510059360D /* TradeArticle.swift in Sources */,
				8EADF3012D5D65C8009EAC2B /* RegexValidatable.swift in Sources */,
				8EC0104B2D6E9FE10059360D /* UIViewController+Preview.swift in Sources */,
				8E7742802D5EBB32003FE8E0 /* CarrierType.swift in Sources */,
				8EC547A42D66AA3400191E3B /* SignupResponseDTO.swift in Sources */,
				8ECD91452D58C51800D6F315 /* SignupForm.swift in Sources */,
				8E82B2912D5C221D002A6BB2 /* PostCodeSearchWebView.swift in Sources */,
				8E9A40AC2D4BA43100824509 /* SceneDelegate.swift in Sources */,
				8E9A40B82D4BA71700824509 /* LoginForm.swift in Sources */,
				8EA9563E2D7673C4000F894E /* TradeArticlesResponseDTO.swift in Sources */,
				8EC547992D66A25700191E3B /* RemoteDataSource.swift in Sources */,
				8E9A40BD2D4BAA4400824509 /* Factory+Instance.swift in Sources */,
				8EC010492D6E99560059360D /* TradeArticleTableViewController.swift in Sources */,
				8EC5479F2D66A83400191E3B /* AuthRepository.swift in Sources */,
				8E505DB82D77D780007CC7E8 /* Notification+Name.swift in Sources */,
				8E7742852D5ECAEA003FE8E0 /* Errors.swift in Sources */,
				8EC5479C2D66A7D700191E3B /* AuthRepositoryProtocol.swift in Sources */,
				8E2029A42D6964A80037AF3F /* LoginResponseDTO.swift in Sources */,
				8E75B45B2D7A723A009D710E /* SimpleUserInfo.swift in Sources */,
				8E9A40BA2D4BA72500824509 /* LoginFormViewModel.swift in Sources */,
				8EC0104D2D6EA1650059360D /* TradeArticleTableViewController+Layout.swift in Sources */,
				8E2029AB2D696CA30037AF3F /* TokenType.swift in Sources */,
				8E2029A72D696AB40037AF3F /* LoginUseCase.swift in Sources */,
				8EA9563C2D7671FB000F894E /* TradeArticleRepository.swift in Sources */,
			);
			runOnlyForDeploymentPostprocessing = 0;
		};
		8EECA9412D4B761100E48757 /* Sources */ = {
			isa = PBXSourcesBuildPhase;
			buildActionMask = 2147483647;
			files = (
				8E75B4622D7A8369009D710E /* MockURLProtocol.swift in Sources */,
				8E75B4652D7A849D009D710E /* TradeArticleTests.swift in Sources */,
				8E75B46C2D7A85F3009D710E /* MockTradeArticleListURLProtocol.swift in Sources */,
				8EABE0762D7E7DDA00D86521 /* TradeArticleTableViewModelTest.swift in Sources */,
			);
			runOnlyForDeploymentPostprocessing = 0;
		};
		8EECA94B2D4B761100E48757 /* Sources */ = {
			isa = PBXSourcesBuildPhase;
			buildActionMask = 2147483647;
			files = (
			);
			runOnlyForDeploymentPostprocessing = 0;
		};
/* End PBXSourcesBuildPhase section */

/* Begin PBXTargetDependency section */
		8EECA9472D4B761100E48757 /* PBXTargetDependency */ = {
			isa = PBXTargetDependency;
			target = 8EECA92E2D4B760F00E48757 /* Baobab */;
			targetProxy = 8EECA9462D4B761100E48757 /* PBXContainerItemProxy */;
		};
		8EECA9512D4B761100E48757 /* PBXTargetDependency */ = {
			isa = PBXTargetDependency;
			target = 8EECA92E2D4B760F00E48757 /* Baobab */;
			targetProxy = 8EECA9502D4B761100E48757 /* PBXContainerItemProxy */;
		};
/* End PBXTargetDependency section */

/* Begin XCBuildConfiguration section */
		8EECA9592D4B761100E48757 /* Debug */ = {
			isa = XCBuildConfiguration;
			buildSettings = {
				ASSETCATALOG_COMPILER_APPICON_NAME = AppIcon;
				ASSETCATALOG_COMPILER_GLOBAL_ACCENT_COLOR_NAME = AccentColor;
				CODE_SIGN_STYLE = Automatic;
				CURRENT_PROJECT_VERSION = 1;
				DEVELOPMENT_TEAM = QHK65XFL8U;
				GENERATE_INFOPLIST_FILE = YES;
				INFOPLIST_FILE = Baobab/Application/Info.plist;
				INFOPLIST_KEY_CFBundleDisplayName = Baobab;
				INFOPLIST_KEY_LSApplicationCategoryType = "public.app-category.social-networking";
				INFOPLIST_KEY_UIApplicationSupportsIndirectInputEvents = YES;
				INFOPLIST_KEY_UILaunchStoryboardName = LaunchScreen;
				INFOPLIST_KEY_UIMainStoryboardFile = "";
				INFOPLIST_KEY_UISupportedInterfaceOrientations_iPad = "UIInterfaceOrientationPortrait UIInterfaceOrientationPortraitUpsideDown UIInterfaceOrientationLandscapeLeft UIInterfaceOrientationLandscapeRight";
				INFOPLIST_KEY_UISupportedInterfaceOrientations_iPhone = "UIInterfaceOrientationPortrait UIInterfaceOrientationLandscapeLeft UIInterfaceOrientationLandscapeRight";
				IPHONEOS_DEPLOYMENT_TARGET = 16.0;
				LD_RUNPATH_SEARCH_PATHS = (
					"$(inherited)",
					"@executable_path/Frameworks",
				);
				MARKETING_VERSION = 1.0;
				PRODUCT_BUNDLE_IDENTIFIER = com.jeonghun.Baobab;
				PRODUCT_NAME = "$(TARGET_NAME)";
				SUPPORTED_PLATFORMS = "iphoneos iphonesimulator";
				SUPPORTS_MACCATALYST = NO;
				SUPPORTS_XR_DESIGNED_FOR_IPHONE_IPAD = YES;
				SWIFT_EMIT_LOC_STRINGS = YES;
				SWIFT_VERSION = 5.0;
				TARGETED_DEVICE_FAMILY = "1,2";
			};
			name = Debug;
		};
		8EECA95A2D4B761100E48757 /* Release */ = {
			isa = XCBuildConfiguration;
			buildSettings = {
				ASSETCATALOG_COMPILER_APPICON_NAME = AppIcon;
				ASSETCATALOG_COMPILER_GLOBAL_ACCENT_COLOR_NAME = AccentColor;
				CODE_SIGN_STYLE = Automatic;
				CURRENT_PROJECT_VERSION = 1;
				DEVELOPMENT_TEAM = QHK65XFL8U;
				GENERATE_INFOPLIST_FILE = YES;
				INFOPLIST_FILE = Baobab/Application/Info.plist;
				INFOPLIST_KEY_CFBundleDisplayName = Baobab;
				INFOPLIST_KEY_LSApplicationCategoryType = "public.app-category.social-networking";
				INFOPLIST_KEY_UIApplicationSupportsIndirectInputEvents = YES;
				INFOPLIST_KEY_UILaunchStoryboardName = LaunchScreen;
				INFOPLIST_KEY_UIMainStoryboardFile = "";
				INFOPLIST_KEY_UISupportedInterfaceOrientations_iPad = "UIInterfaceOrientationPortrait UIInterfaceOrientationPortraitUpsideDown UIInterfaceOrientationLandscapeLeft UIInterfaceOrientationLandscapeRight";
				INFOPLIST_KEY_UISupportedInterfaceOrientations_iPhone = "UIInterfaceOrientationPortrait UIInterfaceOrientationLandscapeLeft UIInterfaceOrientationLandscapeRight";
				IPHONEOS_DEPLOYMENT_TARGET = 16.0;
				LD_RUNPATH_SEARCH_PATHS = (
					"$(inherited)",
					"@executable_path/Frameworks",
				);
				MARKETING_VERSION = 1.0;
				PRODUCT_BUNDLE_IDENTIFIER = com.jeonghun.Baobab;
				PRODUCT_NAME = "$(TARGET_NAME)";
				SUPPORTED_PLATFORMS = "iphoneos iphonesimulator";
				SUPPORTS_MACCATALYST = NO;
				SUPPORTS_XR_DESIGNED_FOR_IPHONE_IPAD = YES;
				SWIFT_EMIT_LOC_STRINGS = YES;
				SWIFT_VERSION = 5.0;
				TARGETED_DEVICE_FAMILY = "1,2";
			};
			name = Release;
		};
		8EECA95B2D4B761100E48757 /* Debug */ = {
			isa = XCBuildConfiguration;
			buildSettings = {
				ALWAYS_SEARCH_USER_PATHS = NO;
				ASSETCATALOG_COMPILER_GENERATE_SWIFT_ASSET_SYMBOL_EXTENSIONS = YES;
				CLANG_ANALYZER_NONNULL = YES;
				CLANG_ANALYZER_NUMBER_OBJECT_CONVERSION = YES_AGGRESSIVE;
				CLANG_CXX_LANGUAGE_STANDARD = "gnu++20";
				CLANG_ENABLE_MODULES = YES;
				CLANG_ENABLE_OBJC_ARC = YES;
				CLANG_ENABLE_OBJC_WEAK = YES;
				CLANG_WARN_BLOCK_CAPTURE_AUTORELEASING = YES;
				CLANG_WARN_BOOL_CONVERSION = YES;
				CLANG_WARN_COMMA = YES;
				CLANG_WARN_CONSTANT_CONVERSION = YES;
				CLANG_WARN_DEPRECATED_OBJC_IMPLEMENTATIONS = YES;
				CLANG_WARN_DIRECT_OBJC_ISA_USAGE = YES_ERROR;
				CLANG_WARN_DOCUMENTATION_COMMENTS = YES;
				CLANG_WARN_EMPTY_BODY = YES;
				CLANG_WARN_ENUM_CONVERSION = YES;
				CLANG_WARN_INFINITE_RECURSION = YES;
				CLANG_WARN_INT_CONVERSION = YES;
				CLANG_WARN_NON_LITERAL_NULL_CONVERSION = YES;
				CLANG_WARN_OBJC_IMPLICIT_RETAIN_SELF = YES;
				CLANG_WARN_OBJC_LITERAL_CONVERSION = YES;
				CLANG_WARN_OBJC_ROOT_CLASS = YES_ERROR;
				CLANG_WARN_QUOTED_INCLUDE_IN_FRAMEWORK_HEADER = YES;
				CLANG_WARN_RANGE_LOOP_ANALYSIS = YES;
				CLANG_WARN_STRICT_PROTOTYPES = YES;
				CLANG_WARN_SUSPICIOUS_MOVE = YES;
				CLANG_WARN_UNGUARDED_AVAILABILITY = YES_AGGRESSIVE;
				CLANG_WARN_UNREACHABLE_CODE = YES;
				CLANG_WARN__DUPLICATE_METHOD_MATCH = YES;
				COPY_PHASE_STRIP = NO;
				DEBUG_INFORMATION_FORMAT = dwarf;
				ENABLE_STRICT_OBJC_MSGSEND = YES;
				ENABLE_TESTABILITY = YES;
				ENABLE_USER_SCRIPT_SANDBOXING = YES;
				GCC_C_LANGUAGE_STANDARD = gnu17;
				GCC_DYNAMIC_NO_PIC = NO;
				GCC_NO_COMMON_BLOCKS = YES;
				GCC_OPTIMIZATION_LEVEL = 0;
				GCC_PREPROCESSOR_DEFINITIONS = (
					"DEBUG=1",
					"$(inherited)",
				);
				GCC_WARN_64_TO_32_BIT_CONVERSION = YES;
				GCC_WARN_ABOUT_RETURN_TYPE = YES_ERROR;
				GCC_WARN_UNDECLARED_SELECTOR = YES;
				GCC_WARN_UNINITIALIZED_AUTOS = YES_AGGRESSIVE;
				GCC_WARN_UNUSED_FUNCTION = YES;
				GCC_WARN_UNUSED_VARIABLE = YES;
				IPHONEOS_DEPLOYMENT_TARGET = 18.2;
				LOCALIZATION_PREFERS_STRING_CATALOGS = YES;
				MTL_ENABLE_DEBUG_INFO = INCLUDE_SOURCE;
				MTL_FAST_MATH = YES;
				ONLY_ACTIVE_ARCH = YES;
				SDKROOT = iphoneos;
				SWIFT_ACTIVE_COMPILATION_CONDITIONS = "DEBUG $(inherited)";
				SWIFT_OPTIMIZATION_LEVEL = "-Onone";
			};
			name = Debug;
		};
		8EECA95C2D4B761100E48757 /* Release */ = {
			isa = XCBuildConfiguration;
			buildSettings = {
				ALWAYS_SEARCH_USER_PATHS = NO;
				ASSETCATALOG_COMPILER_GENERATE_SWIFT_ASSET_SYMBOL_EXTENSIONS = YES;
				CLANG_ANALYZER_NONNULL = YES;
				CLANG_ANALYZER_NUMBER_OBJECT_CONVERSION = YES_AGGRESSIVE;
				CLANG_CXX_LANGUAGE_STANDARD = "gnu++20";
				CLANG_ENABLE_MODULES = YES;
				CLANG_ENABLE_OBJC_ARC = YES;
				CLANG_ENABLE_OBJC_WEAK = YES;
				CLANG_WARN_BLOCK_CAPTURE_AUTORELEASING = YES;
				CLANG_WARN_BOOL_CONVERSION = YES;
				CLANG_WARN_COMMA = YES;
				CLANG_WARN_CONSTANT_CONVERSION = YES;
				CLANG_WARN_DEPRECATED_OBJC_IMPLEMENTATIONS = YES;
				CLANG_WARN_DIRECT_OBJC_ISA_USAGE = YES_ERROR;
				CLANG_WARN_DOCUMENTATION_COMMENTS = YES;
				CLANG_WARN_EMPTY_BODY = YES;
				CLANG_WARN_ENUM_CONVERSION = YES;
				CLANG_WARN_INFINITE_RECURSION = YES;
				CLANG_WARN_INT_CONVERSION = YES;
				CLANG_WARN_NON_LITERAL_NULL_CONVERSION = YES;
				CLANG_WARN_OBJC_IMPLICIT_RETAIN_SELF = YES;
				CLANG_WARN_OBJC_LITERAL_CONVERSION = YES;
				CLANG_WARN_OBJC_ROOT_CLASS = YES_ERROR;
				CLANG_WARN_QUOTED_INCLUDE_IN_FRAMEWORK_HEADER = YES;
				CLANG_WARN_RANGE_LOOP_ANALYSIS = YES;
				CLANG_WARN_STRICT_PROTOTYPES = YES;
				CLANG_WARN_SUSPICIOUS_MOVE = YES;
				CLANG_WARN_UNGUARDED_AVAILABILITY = YES_AGGRESSIVE;
				CLANG_WARN_UNREACHABLE_CODE = YES;
				CLANG_WARN__DUPLICATE_METHOD_MATCH = YES;
				COPY_PHASE_STRIP = NO;
				DEBUG_INFORMATION_FORMAT = "dwarf-with-dsym";
				ENABLE_NS_ASSERTIONS = NO;
				ENABLE_STRICT_OBJC_MSGSEND = YES;
				ENABLE_USER_SCRIPT_SANDBOXING = YES;
				GCC_C_LANGUAGE_STANDARD = gnu17;
				GCC_NO_COMMON_BLOCKS = YES;
				GCC_WARN_64_TO_32_BIT_CONVERSION = YES;
				GCC_WARN_ABOUT_RETURN_TYPE = YES_ERROR;
				GCC_WARN_UNDECLARED_SELECTOR = YES;
				GCC_WARN_UNINITIALIZED_AUTOS = YES_AGGRESSIVE;
				GCC_WARN_UNUSED_FUNCTION = YES;
				GCC_WARN_UNUSED_VARIABLE = YES;
				IPHONEOS_DEPLOYMENT_TARGET = 18.2;
				LOCALIZATION_PREFERS_STRING_CATALOGS = YES;
				MTL_ENABLE_DEBUG_INFO = NO;
				MTL_FAST_MATH = YES;
				SDKROOT = iphoneos;
				SWIFT_COMPILATION_MODE = wholemodule;
				VALIDATE_PRODUCT = YES;
			};
			name = Release;
		};
		8EECA95E2D4B761100E48757 /* Debug */ = {
			isa = XCBuildConfiguration;
			buildSettings = {
				BUNDLE_LOADER = "$(TEST_HOST)";
				CLANG_ENABLE_MODULES = YES;
				CODE_SIGN_STYLE = Automatic;
				CURRENT_PROJECT_VERSION = 1;
				DEVELOPMENT_TEAM = QHK65XFL8U;
				GENERATE_INFOPLIST_FILE = YES;
				IPHONEOS_DEPLOYMENT_TARGET = 18.2;
				MARKETING_VERSION = 1.0;
				PRODUCT_BUNDLE_IDENTIFIER = com.jeonghun.BaobabTests;
				PRODUCT_NAME = "$(TARGET_NAME)";
				SWIFT_EMIT_LOC_STRINGS = NO;
				SWIFT_OPTIMIZATION_LEVEL = "-Onone";
				SWIFT_VERSION = 5.0;
				TARGETED_DEVICE_FAMILY = "1,2";
				TEST_HOST = "$(BUILT_PRODUCTS_DIR)/Baobab.app/$(BUNDLE_EXECUTABLE_FOLDER_PATH)/Baobab";
			};
			name = Debug;
		};
		8EECA95F2D4B761100E48757 /* Release */ = {
			isa = XCBuildConfiguration;
			buildSettings = {
				BUNDLE_LOADER = "$(TEST_HOST)";
				CLANG_ENABLE_MODULES = YES;
				CODE_SIGN_STYLE = Automatic;
				CURRENT_PROJECT_VERSION = 1;
				DEVELOPMENT_TEAM = QHK65XFL8U;
				GENERATE_INFOPLIST_FILE = YES;
				IPHONEOS_DEPLOYMENT_TARGET = 18.2;
				MARKETING_VERSION = 1.0;
				PRODUCT_BUNDLE_IDENTIFIER = com.jeonghun.BaobabTests;
				PRODUCT_NAME = "$(TARGET_NAME)";
				SWIFT_EMIT_LOC_STRINGS = NO;
				SWIFT_VERSION = 5.0;
				TARGETED_DEVICE_FAMILY = "1,2";
				TEST_HOST = "$(BUILT_PRODUCTS_DIR)/Baobab.app/$(BUNDLE_EXECUTABLE_FOLDER_PATH)/Baobab";
			};
			name = Release;
		};
		8EECA9612D4B761100E48757 /* Debug */ = {
			isa = XCBuildConfiguration;
			buildSettings = {
				CODE_SIGN_STYLE = Automatic;
				CURRENT_PROJECT_VERSION = 1;
				DEVELOPMENT_TEAM = QHK65XFL8U;
				GENERATE_INFOPLIST_FILE = YES;
				MARKETING_VERSION = 1.0;
				PRODUCT_BUNDLE_IDENTIFIER = com.jeonghun.BaobabUITests;
				PRODUCT_NAME = "$(TARGET_NAME)";
				SWIFT_EMIT_LOC_STRINGS = NO;
				SWIFT_VERSION = 5.0;
				TARGETED_DEVICE_FAMILY = "1,2";
				TEST_TARGET_NAME = Baobab;
			};
			name = Debug;
		};
		8EECA9622D4B761100E48757 /* Release */ = {
			isa = XCBuildConfiguration;
			buildSettings = {
				CODE_SIGN_STYLE = Automatic;
				CURRENT_PROJECT_VERSION = 1;
				DEVELOPMENT_TEAM = QHK65XFL8U;
				GENERATE_INFOPLIST_FILE = YES;
				MARKETING_VERSION = 1.0;
				PRODUCT_BUNDLE_IDENTIFIER = com.jeonghun.BaobabUITests;
				PRODUCT_NAME = "$(TARGET_NAME)";
				SWIFT_EMIT_LOC_STRINGS = NO;
				SWIFT_VERSION = 5.0;
				TARGETED_DEVICE_FAMILY = "1,2";
				TEST_TARGET_NAME = Baobab;
			};
			name = Release;
		};
/* End XCBuildConfiguration section */

/* Begin XCConfigurationList section */
		8EECA92A2D4B760F00E48757 /* Build configuration list for PBXProject "Baobab" */ = {
			isa = XCConfigurationList;
			buildConfigurations = (
				8EECA95B2D4B761100E48757 /* Debug */,
				8EECA95C2D4B761100E48757 /* Release */,
			);
			defaultConfigurationIsVisible = 0;
			defaultConfigurationName = Release;
		};
		8EECA9582D4B761100E48757 /* Build configuration list for PBXNativeTarget "Baobab" */ = {
			isa = XCConfigurationList;
			buildConfigurations = (
				8EECA9592D4B761100E48757 /* Debug */,
				8EECA95A2D4B761100E48757 /* Release */,
			);
			defaultConfigurationIsVisible = 0;
			defaultConfigurationName = Release;
		};
		8EECA95D2D4B761100E48757 /* Build configuration list for PBXNativeTarget "BaobabTests" */ = {
			isa = XCConfigurationList;
			buildConfigurations = (
				8EECA95E2D4B761100E48757 /* Debug */,
				8EECA95F2D4B761100E48757 /* Release */,
			);
			defaultConfigurationIsVisible = 0;
			defaultConfigurationName = Release;
		};
		8EECA9602D4B761100E48757 /* Build configuration list for PBXNativeTarget "BaobabUITests" */ = {
			isa = XCConfigurationList;
			buildConfigurations = (
				8EECA9612D4B761100E48757 /* Debug */,
				8EECA9622D4B761100E48757 /* Release */,
			);
			defaultConfigurationIsVisible = 0;
			defaultConfigurationName = Release;
		};
/* End XCConfigurationList section */

/* Begin XCRemoteSwiftPackageReference section */
		8EECA9792D4B938F00E48757 /* XCRemoteSwiftPackageReference "Alamofire" */ = {
			isa = XCRemoteSwiftPackageReference;
			repositoryURL = "https://github.com/Alamofire/Alamofire.git";
			requirement = {
				kind = upToNextMajorVersion;
				minimumVersion = 5.10.2;
			};
		};
		8EECA97C2D4B93E300E48757 /* XCRemoteSwiftPackageReference "SnapKit" */ = {
			isa = XCRemoteSwiftPackageReference;
			repositoryURL = "https://github.com/SnapKit/SnapKit.git";
			requirement = {
				kind = upToNextMajorVersion;
				minimumVersion = 5.7.1;
			};
		};
		8EECA97F2D4B94A700E48757 /* XCRemoteSwiftPackageReference "RxSwift" */ = {
			isa = XCRemoteSwiftPackageReference;
			repositoryURL = "https://github.com/ReactiveX/RxSwift.git";
			requirement = {
				kind = upToNextMajorVersion;
				minimumVersion = 6.8.0;
			};
		};
		8EECA9842D4B954800E48757 /* XCRemoteSwiftPackageReference "Kingfisher" */ = {
			isa = XCRemoteSwiftPackageReference;
			repositoryURL = "https://github.com/onevcat/Kingfisher.git";
			requirement = {
				kind = upToNextMajorVersion;
				minimumVersion = 8.1.4;
			};
		};
		8EECA9872D4B968A00E48757 /* XCRemoteSwiftPackageReference "Factory" */ = {
			isa = XCRemoteSwiftPackageReference;
			repositoryURL = "https://github.com/hmlongco/Factory";
			requirement = {
				kind = upToNextMajorVersion;
				minimumVersion = 2.4.3;
			};
		};
/* End XCRemoteSwiftPackageReference section */

/* Begin XCSwiftPackageProductDependency section */
		8EECA97A2D4B938F00E48757 /* Alamofire */ = {
			isa = XCSwiftPackageProductDependency;
			package = 8EECA9792D4B938F00E48757 /* XCRemoteSwiftPackageReference "Alamofire" */;
			productName = Alamofire;
		};
		8EECA97D2D4B93E300E48757 /* SnapKit */ = {
			isa = XCSwiftPackageProductDependency;
			package = 8EECA97C2D4B93E300E48757 /* XCRemoteSwiftPackageReference "SnapKit" */;
			productName = SnapKit;
		};
		8EECA9802D4B94A700E48757 /* RxCocoa */ = {
			isa = XCSwiftPackageProductDependency;
			package = 8EECA97F2D4B94A700E48757 /* XCRemoteSwiftPackageReference "RxSwift" */;
			productName = RxCocoa;
		};
		8EECA9822D4B94A700E48757 /* RxRelay */ = {
			isa = XCSwiftPackageProductDependency;
			package = 8EECA97F2D4B94A700E48757 /* XCRemoteSwiftPackageReference "RxSwift" */;
			productName = RxRelay;
		};
		8EECA9852D4B954800E48757 /* Kingfisher */ = {
			isa = XCSwiftPackageProductDependency;
			package = 8EECA9842D4B954800E48757 /* XCRemoteSwiftPackageReference "Kingfisher" */;
			productName = Kingfisher;
		};
		8EECA9882D4B968A00E48757 /* Factory */ = {
			isa = XCSwiftPackageProductDependency;
			package = 8EECA9872D4B968A00E48757 /* XCRemoteSwiftPackageReference "Factory" */;
			productName = Factory;
		};
/* End XCSwiftPackageProductDependency section */
	};
	rootObject = 8EECA9272D4B760F00E48757 /* Project object */;
}
